
Microsoft Visual Studio Solution File, Format Version 12.00
# Visual Studio Version 17
VisualStudioVersion = 17.3.32901.215
MinimumVisualStudioVersion = 10.0.40219.1
Project("{FAE04EC0-301F-11D3-BF4B-00C04F79EFBC}") = "dogumgunumenekaldı", "dogumgunumenekaldı\dogumgunumenekaldı.csproj", "{81CD877B-709D-4250-ABCF-B132DCB781CF}"
EndProject
Global
	GlobalSection(SolutionConfigurationPlatforms) = preSolution
		Debug|Any CPU = Debug|Any CPU
		Release|Any CPU = Release|Any CPU
	EndGlobalSection
	GlobalSection(ProjectConfigurationPlatforms) = postSolution
		{81CD877B-709D-4250-ABCF-B132DCB781CF}.Debug|Any CPU.ActiveCfg = Debug|Any CPU
		{81CD877B-709D-4250-ABCF-B132DCB781CF}.Debug|Any CPU.Build.0 = Debug|Any CPU
		{81CD877B-709D-4250-ABCF-B132DCB781CF}.Release|Any CPU.ActiveCfg = Release|Any CPU
		{81CD877B-709D-4250-ABCF-B132DCB781CF}.Release|Any CPU.Build.0 = Release|Any CPU
	EndGlobalSection
	GlobalSection(SolutionProperties) = preSolution
		HideSolutionNode = FALSE
	EndGlobalSection
	GlobalSection(ExtensibilityGlobals) = postSolution
		SolutionGuid = {3F9D63E9-A88A-4B91-9B0B-6C2F5080E18F}
	EndGlobalSection
EndGlobal
